
Microsoft Visual Studio Solution File, Format Version 12.00
# Visual Studio Version 17
VisualStudioVersion = 17.9.34701.34
MinimumVisualStudioVersion = 10.0.40219.1
Project("{9A19103F-16F7-4668-BE54-9A1E7A4F7556}") = "WfBD", "WfBD\WfBD.csproj", "{553ABB50-739A-4532-B1C7-91B8C762C363}"
EndProject
Project("{9A19103F-16F7-4668-BE54-9A1E7A4F7556}") = "WarframeProyect", "..\WarframeProyect\WarframeProyect\WarframeProyect.csproj", "{9B86A014-4860-4038-9717-D7A5F233954F}"
EndProject
Global
	GlobalSection(SolutionConfigurationPlatforms) = preSolution
		Debug|Any CPU = Debug|Any CPU
		Release|Any CPU = Release|Any CPU
	EndGlobalSection
	GlobalSection(ProjectConfigurationPlatforms) = postSolution
		{553ABB50-739A-4532-B1C7-91B8C762C363}.Debug|Any CPU.ActiveCfg = Debug|Any CPU
		{553ABB50-739A-4532-B1C7-91B8C762C363}.Debug|Any CPU.Build.0 = Debug|Any CPU
		{553ABB50-739A-4532-B1C7-91B8C762C363}.Release|Any CPU.ActiveCfg = Release|Any CPU
		{553ABB50-739A-4532-B1C7-91B8C762C363}.Release|Any CPU.Build.0 = Release|Any CPU
		{9B86A014-4860-4038-9717-D7A5F233954F}.Debug|Any CPU.ActiveCfg = Debug|Any CPU
		{9B86A014-4860-4038-9717-D7A5F233954F}.Debug|Any CPU.Build.0 = Debug|Any CPU
		{9B86A014-4860-4038-9717-D7A5F233954F}.Debug|Any CPU.Deploy.0 = Debug|Any CPU
		{9B86A014-4860-4038-9717-D7A5F233954F}.Release|Any CPU.ActiveCfg = Release|Any CPU
		{9B86A014-4860-4038-9717-D7A5F233954F}.Release|Any CPU.Build.0 = Release|Any CPU
		{9B86A014-4860-4038-9717-D7A5F233954F}.Release|Any CPU.Deploy.0 = Release|Any CPU
	EndGlobalSection
	GlobalSection(SolutionProperties) = preSolution
		HideSolutionNode = FALSE
	EndGlobalSection
	GlobalSection(ExtensibilityGlobals) = postSolution
		SolutionGuid = {B7AAF73C-6700-4329-AC8F-0672968392CB}
	EndGlobalSection
EndGlobal
